
Microsoft Visual Studio Solution File, Format Version 12.00
# Visual Studio Version 17
VisualStudioVersion = 17.0.31912.275
MinimumVisualStudioVersion = 10.0.40219.1
Project("{9A19103F-16F7-4668-BE54-9A1E7A4F7556}") = "DataLabeling", "DataLabeling\DataLabeling.csproj", "{46321FFA-207C-49ED-8570-ACF0306942A9}"
EndProject
Project("{2150E333-8FDC-42A3-9474-1A3956D46DE8}") = "Solution Items", "Solution Items", "{B25AD6C0-0002-45C6-AE07-303A96408E26}"
EndProject
Global
	GlobalSection(SolutionConfigurationPlatforms) = preSolution
		Debug|Any CPU = Debug|Any CPU
		Debug|x64 = Debug|x64
		Debug|x86 = Debug|x86
		Release|Any CPU = Release|Any CPU
		Release|x64 = Release|x64
		Release|x86 = Release|x86
	EndGlobalSection
	GlobalSection(ProjectConfigurationPlatforms) = postSolution
		{46321FFA-207C-49ED-8570-ACF0306942A9}.Debug|Any CPU.ActiveCfg = Debug|Any CPU
		{46321FFA-207C-49ED-8570-ACF0306942A9}.Debug|Any CPU.Build.0 = Debug|Any CPU
		{46321FFA-207C-49ED-8570-ACF0306942A9}.Debug|x64.ActiveCfg = Debug|x64
		{46321FFA-207C-49ED-8570-ACF0306942A9}.Debug|x64.Build.0 = Debug|x64
		{46321FFA-207C-49ED-8570-ACF0306942A9}.Debug|x86.ActiveCfg = Debug|x86
		{46321FFA-207C-49ED-8570-ACF0306942A9}.Debug|x86.Build.0 = Debug|x86
		{46321FFA-207C-49ED-8570-ACF0306942A9}.Release|Any CPU.ActiveCfg = Release|Any CPU
		{46321FFA-207C-49ED-8570-ACF0306942A9}.Release|Any CPU.Build.0 = Release|Any CPU
		{46321FFA-207C-49ED-8570-ACF0306942A9}.Release|x64.ActiveCfg = Release|x64
		{46321FFA-207C-49ED-8570-ACF0306942A9}.Release|x64.Build.0 = Release|x64
		{46321FFA-207C-49ED-8570-ACF0306942A9}.Release|x86.ActiveCfg = Release|x86
		{46321FFA-207C-49ED-8570-ACF0306942A9}.Release|x86.Build.0 = Release|x86
	EndGlobalSection
	GlobalSection(SolutionProperties) = preSolution
		HideSolutionNode = FALSE
	EndGlobalSection
	GlobalSection(ExtensibilityGlobals) = postSolution
		SolutionGuid = {4D330F57-BEC6-46E7-BFAA-17CBB8F41C04}
	EndGlobalSection
EndGlobal
